
Microsoft Visual Studio Solution File, Format Version 12.00
# Visual Studio Version 17
VisualStudioVersion = 17.4.33213.308
MinimumVisualStudioVersion = 10.0.40219.1
Project("{8BC9CEB8-8B4A-11D0-8D11-00A0C91BC942}") = "003_operators-1", "003_operators-1.vcxproj", "{93E58E1D-6915-476D-B4CD-89EF160528AA}"
EndProject
Global
	GlobalSection(SolutionConfigurationPlatforms) = preSolution
		Debug|x64 = Debug|x64
		Debug|x86 = Debug|x86
		Release|x64 = Release|x64
		Release|x86 = Release|x86
	EndGlobalSection
	GlobalSection(ProjectConfigurationPlatforms) = postSolution
		{93E58E1D-6915-476D-B4CD-89EF160528AA}.Debug|x64.ActiveCfg = Debug|x64
		{93E58E1D-6915-476D-B4CD-89EF160528AA}.Debug|x64.Build.0 = Debug|x64
		{93E58E1D-6915-476D-B4CD-89EF160528AA}.Debug|x86.ActiveCfg = Debug|Win32
		{93E58E1D-6915-476D-B4CD-89EF160528AA}.Debug|x86.Build.0 = Debug|Win32
		{93E58E1D-6915-476D-B4CD-89EF160528AA}.Release|x64.ActiveCfg = Release|x64
		{93E58E1D-6915-476D-B4CD-89EF160528AA}.Release|x64.Build.0 = Release|x64
		{93E58E1D-6915-476D-B4CD-89EF160528AA}.Release|x86.ActiveCfg = Release|Win32
		{93E58E1D-6915-476D-B4CD-89EF160528AA}.Release|x86.Build.0 = Release|Win32
	EndGlobalSection
	GlobalSection(SolutionProperties) = preSolution
		HideSolutionNode = FALSE
	EndGlobalSection
	GlobalSection(ExtensibilityGlobals) = postSolution
		SolutionGuid = {15243B90-584B-4CAD-871D-D826A1623611}
	EndGlobalSection
EndGlobal
