
Microsoft Visual Studio Solution File, Format Version 12.00
# Visual Studio Version 17
VisualStudioVersion = 17.4.33213.308
MinimumVisualStudioVersion = 10.0.40219.1
Project("{8BC9CEB8-8B4A-11D0-8D11-00A0C91BC942}") = "Structure_2", "Structure_2.vcxproj", "{865D658B-EB53-421C-86EA-5E1A512E41AB}"
EndProject
Global
	GlobalSection(SolutionConfigurationPlatforms) = preSolution
		Debug|x64 = Debug|x64
		Debug|x86 = Debug|x86
		Release|x64 = Release|x64
		Release|x86 = Release|x86
	EndGlobalSection
	GlobalSection(ProjectConfigurationPlatforms) = postSolution
		{865D658B-EB53-421C-86EA-5E1A512E41AB}.Debug|x64.ActiveCfg = Debug|x64
		{865D658B-EB53-421C-86EA-5E1A512E41AB}.Debug|x64.Build.0 = Debug|x64
		{865D658B-EB53-421C-86EA-5E1A512E41AB}.Debug|x86.ActiveCfg = Debug|Win32
		{865D658B-EB53-421C-86EA-5E1A512E41AB}.Debug|x86.Build.0 = Debug|Win32
		{865D658B-EB53-421C-86EA-5E1A512E41AB}.Release|x64.ActiveCfg = Release|x64
		{865D658B-EB53-421C-86EA-5E1A512E41AB}.Release|x64.Build.0 = Release|x64
		{865D658B-EB53-421C-86EA-5E1A512E41AB}.Release|x86.ActiveCfg = Release|Win32
		{865D658B-EB53-421C-86EA-5E1A512E41AB}.Release|x86.Build.0 = Release|Win32
	EndGlobalSection
	GlobalSection(SolutionProperties) = preSolution
		HideSolutionNode = FALSE
	EndGlobalSection
	GlobalSection(ExtensibilityGlobals) = postSolution
		SolutionGuid = {D1E949D5-E25F-4B42-A365-566C036B800B}
	EndGlobalSection
EndGlobal
