
Microsoft Visual Studio Solution File, Format Version 12.00
# Visual Studio Version 17
VisualStudioVersion = 17.4.33213.308
MinimumVisualStudioVersion = 10.0.40219.1
Project("{8BC9CEB8-8B4A-11D0-8D11-00A0C91BC942}") = "multi_diziler_1", "multi_diziler_1.vcxproj", "{0A58B6FF-32D9-4328-B320-8F4CEAE86216}"
EndProject
Global
	GlobalSection(SolutionConfigurationPlatforms) = preSolution
		Debug|x64 = Debug|x64
		Debug|x86 = Debug|x86
		Release|x64 = Release|x64
		Release|x86 = Release|x86
	EndGlobalSection
	GlobalSection(ProjectConfigurationPlatforms) = postSolution
		{0A58B6FF-32D9-4328-B320-8F4CEAE86216}.Debug|x64.ActiveCfg = Debug|x64
		{0A58B6FF-32D9-4328-B320-8F4CEAE86216}.Debug|x64.Build.0 = Debug|x64
		{0A58B6FF-32D9-4328-B320-8F4CEAE86216}.Debug|x86.ActiveCfg = Debug|Win32
		{0A58B6FF-32D9-4328-B320-8F4CEAE86216}.Debug|x86.Build.0 = Debug|Win32
		{0A58B6FF-32D9-4328-B320-8F4CEAE86216}.Release|x64.ActiveCfg = Release|x64
		{0A58B6FF-32D9-4328-B320-8F4CEAE86216}.Release|x64.Build.0 = Release|x64
		{0A58B6FF-32D9-4328-B320-8F4CEAE86216}.Release|x86.ActiveCfg = Release|Win32
		{0A58B6FF-32D9-4328-B320-8F4CEAE86216}.Release|x86.Build.0 = Release|Win32
	EndGlobalSection
	GlobalSection(SolutionProperties) = preSolution
		HideSolutionNode = FALSE
	EndGlobalSection
	GlobalSection(ExtensibilityGlobals) = postSolution
		SolutionGuid = {DECC37F9-15FE-41D6-A543-CAC50A8C9F40}
	EndGlobalSection
EndGlobal
